
Microsoft Visual Studio Solution File, Format Version 12.00
# Visual Studio Version 16
VisualStudioVersion = 16.0.31613.86
MinimumVisualStudioVersion = 10.0.40219.1
Project("{9A19103F-16F7-4668-BE54-9A1E7A4F7556}") = "Aliquota.Domain", "Aliquota.Domain\Aliquota.Domain.csproj", "{D1930CD9-6BFC-4C18-B16A-79EC0EADACE7}"
EndProject
Project("{FAE04EC0-301F-11D3-BF4B-00C04F79EFBC}") = "Aliquota.Domain.Test", "Aliquota.Domain.Test\Aliquota.Domain.Test.csproj", "{5822DDA9-ABD9-4FE0-B8C4-E9A40F106A2F}"
EndProject
Global
	GlobalSection(SolutionConfigurationPlatforms) = preSolution
		Debug|Any CPU = Debug|Any CPU
		Release|Any CPU = Release|Any CPU
	EndGlobalSection
	GlobalSection(ProjectConfigurationPlatforms) = postSolution
		{D1930CD9-6BFC-4C18-B16A-79EC0EADACE7}.Debug|Any CPU.ActiveCfg = Debug|Any CPU
		{D1930CD9-6BFC-4C18-B16A-79EC0EADACE7}.Debug|Any CPU.Build.0 = Debug|Any CPU
		{D1930CD9-6BFC-4C18-B16A-79EC0EADACE7}.Release|Any CPU.ActiveCfg = Release|Any CPU
		{D1930CD9-6BFC-4C18-B16A-79EC0EADACE7}.Release|Any CPU.Build.0 = Release|Any CPU
		{5822DDA9-ABD9-4FE0-B8C4-E9A40F106A2F}.Debug|Any CPU.ActiveCfg = Debug|Any CPU
		{5822DDA9-ABD9-4FE0-B8C4-E9A40F106A2F}.Debug|Any CPU.Build.0 = Debug|Any CPU
		{5822DDA9-ABD9-4FE0-B8C4-E9A40F106A2F}.Release|Any CPU.ActiveCfg = Release|Any CPU
		{5822DDA9-ABD9-4FE0-B8C4-E9A40F106A2F}.Release|Any CPU.Build.0 = Release|Any CPU
	EndGlobalSection
	GlobalSection(SolutionProperties) = preSolution
		HideSolutionNode = FALSE
	EndGlobalSection
	GlobalSection(ExtensibilityGlobals) = postSolution
		SolutionGuid = {70BE47AF-4DD7-4C56-8AE1-AAC11543FBA2}
	EndGlobalSection
EndGlobal
