
Microsoft Visual Studio Solution File, Format Version 12.00
# Visual Studio Version 16
VisualStudioVersion = 16.0.31624.102
MinimumVisualStudioVersion = 10.0.40219.1
Project("{9A19103F-16F7-4668-BE54-9A1E7A4F7556}") = "Aliquota.Domain", "Projeto de cálculo de IR\Aliquota.Domain.csproj", "{9DF251BB-F88C-417D-A234-849A2ECCDDA5}"
EndProject
Project("{FAE04EC0-301F-11D3-BF4B-00C04F79EFBC}") = "Aliquota.Domain.Test", "Aliquota.Domain.Test\Aliquota.Domain.Test.csproj", "{6DD41783-CF7A-44E0-9D5E-D8F25A27CAAC}"
EndProject
Global
	GlobalSection(SolutionConfigurationPlatforms) = preSolution
		Debug|Any CPU = Debug|Any CPU
		Release|Any CPU = Release|Any CPU
	EndGlobalSection
	GlobalSection(ProjectConfigurationPlatforms) = postSolution
		{9DF251BB-F88C-417D-A234-849A2ECCDDA5}.Debug|Any CPU.ActiveCfg = Debug|Any CPU
		{9DF251BB-F88C-417D-A234-849A2ECCDDA5}.Debug|Any CPU.Build.0 = Debug|Any CPU
		{9DF251BB-F88C-417D-A234-849A2ECCDDA5}.Release|Any CPU.ActiveCfg = Release|Any CPU
		{9DF251BB-F88C-417D-A234-849A2ECCDDA5}.Release|Any CPU.Build.0 = Release|Any CPU
		{6DD41783-CF7A-44E0-9D5E-D8F25A27CAAC}.Debug|Any CPU.ActiveCfg = Debug|Any CPU
		{6DD41783-CF7A-44E0-9D5E-D8F25A27CAAC}.Debug|Any CPU.Build.0 = Debug|Any CPU
		{6DD41783-CF7A-44E0-9D5E-D8F25A27CAAC}.Release|Any CPU.ActiveCfg = Release|Any CPU
		{6DD41783-CF7A-44E0-9D5E-D8F25A27CAAC}.Release|Any CPU.Build.0 = Release|Any CPU
	EndGlobalSection
	GlobalSection(SolutionProperties) = preSolution
		HideSolutionNode = FALSE
	EndGlobalSection
	GlobalSection(ExtensibilityGlobals) = postSolution
		SolutionGuid = {F38AAAA3-DA12-4A08-921E-E31CA411A4FB}
	EndGlobalSection
EndGlobal
