
Microsoft Visual Studio Solution File, Format Version 12.00
# Visual Studio Version 16
VisualStudioVersion = 16.0.31105.61
MinimumVisualStudioVersion = 10.0.40219.1
Project("{FAE04EC0-301F-11D3-BF4B-00C04F79EFBC}") = "Aliquota.Domain", "Aliquota.Domain\Aliquota.Domain.csproj", "{C571A094-A2B4-4DBE-BB5D-54B45948D80F}"
EndProject
Project("{FAE04EC0-301F-11D3-BF4B-00C04F79EFBC}") = "Aliquota.Domain.Test", "Aliquota.Domain.Test\Aliquota.Domain.Test.csproj", "{728ECE65-8530-4911-AB93-CEEDEBA92E7E}"
EndProject
Project("{FAE04EC0-301F-11D3-BF4B-00C04F79EFBC}") = "Aliquota.Domain.Api", "Aliquota.Domain.Api\Aliquota.Domain.Api.csproj", "{60E02447-9123-4350-8070-F0EF8E79352D}"
EndProject
Global
	GlobalSection(SolutionConfigurationPlatforms) = preSolution
		Debug|Any CPU = Debug|Any CPU
		Release|Any CPU = Release|Any CPU
	EndGlobalSection
	GlobalSection(ProjectConfigurationPlatforms) = postSolution
		{C571A094-A2B4-4DBE-BB5D-54B45948D80F}.Debug|Any CPU.ActiveCfg = Debug|Any CPU
		{C571A094-A2B4-4DBE-BB5D-54B45948D80F}.Debug|Any CPU.Build.0 = Debug|Any CPU
		{C571A094-A2B4-4DBE-BB5D-54B45948D80F}.Release|Any CPU.ActiveCfg = Release|Any CPU
		{C571A094-A2B4-4DBE-BB5D-54B45948D80F}.Release|Any CPU.Build.0 = Release|Any CPU
		{728ECE65-8530-4911-AB93-CEEDEBA92E7E}.Debug|Any CPU.ActiveCfg = Debug|Any CPU
		{728ECE65-8530-4911-AB93-CEEDEBA92E7E}.Debug|Any CPU.Build.0 = Debug|Any CPU
		{728ECE65-8530-4911-AB93-CEEDEBA92E7E}.Release|Any CPU.ActiveCfg = Release|Any CPU
		{728ECE65-8530-4911-AB93-CEEDEBA92E7E}.Release|Any CPU.Build.0 = Release|Any CPU
		{60E02447-9123-4350-8070-F0EF8E79352D}.Debug|Any CPU.ActiveCfg = Debug|Any CPU
		{60E02447-9123-4350-8070-F0EF8E79352D}.Debug|Any CPU.Build.0 = Debug|Any CPU
		{60E02447-9123-4350-8070-F0EF8E79352D}.Release|Any CPU.ActiveCfg = Release|Any CPU
		{60E02447-9123-4350-8070-F0EF8E79352D}.Release|Any CPU.Build.0 = Release|Any CPU
	EndGlobalSection
	GlobalSection(SolutionProperties) = preSolution
		HideSolutionNode = FALSE
	EndGlobalSection
	GlobalSection(ExtensibilityGlobals) = postSolution
		SolutionGuid = {1C0D8D1D-35FE-4FBA-98D5-34742AEC88E8}
	EndGlobalSection
EndGlobal
