
Microsoft Visual Studio Solution File, Format Version 12.00
# Visual Studio Version 16
VisualStudioVersion = 16.0.29926.136
MinimumVisualStudioVersion = 10.0.40219.1
Project("{9A19103F-16F7-4668-BE54-9A1E7A4F7556}") = "Aliquota.Domain", "Aliquota.Domain\Aliquota.Domain.csproj", "{1B9C6BF0-2C53-4A26-AF23-8A812D5306BA}"
EndProject
Project("{9A19103F-16F7-4668-BE54-9A1E7A4F7556}") = "Aliquota.Domain.Test", "Aliquota.Domain.Test\Aliquota.Domain.Test.csproj", "{68D252FA-8E1A-4EFF-85C8-B95BE739B903}"
EndProject
Project("{9A19103F-16F7-4668-BE54-9A1E7A4F7556}") = "Aliquota.Lab", "Aliquota.Lab\Aliquota.Lab.csproj", "{BDDF2887-661F-486A-880B-10159602C09F}"
EndProject
Project("{FAE04EC0-301F-11D3-BF4B-00C04F79EFBC}") = "Aliquota.Infra", "Aliquota.Infra\Aliquota.Infra.csproj", "{BEB2BF70-554E-4CD8-A1DB-440372183ADD}"
EndProject
Project("{FAE04EC0-301F-11D3-BF4B-00C04F79EFBC}") = "Aliquota.Servicos", "Aliquota.Servicos\Aliquota.Servicos.csproj", "{739295CF-8919-4E09-A936-21E33D13B12B}"
EndProject
Global
	GlobalSection(SolutionConfigurationPlatforms) = preSolution
		Debug|Any CPU = Debug|Any CPU
		Release|Any CPU = Release|Any CPU
	EndGlobalSection
	GlobalSection(ProjectConfigurationPlatforms) = postSolution
		{1B9C6BF0-2C53-4A26-AF23-8A812D5306BA}.Debug|Any CPU.ActiveCfg = Debug|Any CPU
		{1B9C6BF0-2C53-4A26-AF23-8A812D5306BA}.Debug|Any CPU.Build.0 = Debug|Any CPU
		{1B9C6BF0-2C53-4A26-AF23-8A812D5306BA}.Release|Any CPU.ActiveCfg = Release|Any CPU
		{1B9C6BF0-2C53-4A26-AF23-8A812D5306BA}.Release|Any CPU.Build.0 = Release|Any CPU
		{68D252FA-8E1A-4EFF-85C8-B95BE739B903}.Debug|Any CPU.ActiveCfg = Debug|Any CPU
		{68D252FA-8E1A-4EFF-85C8-B95BE739B903}.Debug|Any CPU.Build.0 = Debug|Any CPU
		{68D252FA-8E1A-4EFF-85C8-B95BE739B903}.Release|Any CPU.ActiveCfg = Release|Any CPU
		{68D252FA-8E1A-4EFF-85C8-B95BE739B903}.Release|Any CPU.Build.0 = Release|Any CPU
		{BDDF2887-661F-486A-880B-10159602C09F}.Debug|Any CPU.ActiveCfg = Debug|Any CPU
		{BDDF2887-661F-486A-880B-10159602C09F}.Debug|Any CPU.Build.0 = Debug|Any CPU
		{BDDF2887-661F-486A-880B-10159602C09F}.Release|Any CPU.ActiveCfg = Release|Any CPU
		{BDDF2887-661F-486A-880B-10159602C09F}.Release|Any CPU.Build.0 = Release|Any CPU
		{BEB2BF70-554E-4CD8-A1DB-440372183ADD}.Debug|Any CPU.ActiveCfg = Debug|Any CPU
		{BEB2BF70-554E-4CD8-A1DB-440372183ADD}.Debug|Any CPU.Build.0 = Debug|Any CPU
		{BEB2BF70-554E-4CD8-A1DB-440372183ADD}.Release|Any CPU.ActiveCfg = Release|Any CPU
		{BEB2BF70-554E-4CD8-A1DB-440372183ADD}.Release|Any CPU.Build.0 = Release|Any CPU
		{739295CF-8919-4E09-A936-21E33D13B12B}.Debug|Any CPU.ActiveCfg = Debug|Any CPU
		{739295CF-8919-4E09-A936-21E33D13B12B}.Debug|Any CPU.Build.0 = Debug|Any CPU
		{739295CF-8919-4E09-A936-21E33D13B12B}.Release|Any CPU.ActiveCfg = Release|Any CPU
		{739295CF-8919-4E09-A936-21E33D13B12B}.Release|Any CPU.Build.0 = Release|Any CPU
	EndGlobalSection
	GlobalSection(SolutionProperties) = preSolution
		HideSolutionNode = FALSE
	EndGlobalSection
	GlobalSection(ExtensibilityGlobals) = postSolution
		SolutionGuid = {11DAFDD1-5C7C-416B-A16D-1EC762A288B0}
	EndGlobalSection
EndGlobal
