
Microsoft Visual Studio Solution File, Format Version 12.00
# Visual Studio Version 16
VisualStudioVersion = 16.0.29509.3
MinimumVisualStudioVersion = 10.0.40219.1
Project("{9A19103F-16F7-4668-BE54-9A1E7A4F7556}") = "KinvoProject", "KinvoProject\KinvoProject.csproj", "{5F40F41D-0DFA-4F2D-BDE1-2185068A3757}"
EndProject
Project("{9A19103F-16F7-4668-BE54-9A1E7A4F7556}") = "Domain.Aliquiota", "Domain.Aliquiota\Domain.Aliquiota.csproj", "{6DE41062-8B5D-4DF4-8700-489DA4609703}"
EndProject
Project("{9A19103F-16F7-4668-BE54-9A1E7A4F7556}") = "Repository.Aliquiota", "Repository.Aliquiota\Repository.Aliquiota.csproj", "{7ABF1BC1-7950-4B31-86E3-156F9A5DEEAD}"
EndProject
Global
	GlobalSection(SolutionConfigurationPlatforms) = preSolution
		Debug|Any CPU = Debug|Any CPU
		Release|Any CPU = Release|Any CPU
	EndGlobalSection
	GlobalSection(ProjectConfigurationPlatforms) = postSolution
		{5F40F41D-0DFA-4F2D-BDE1-2185068A3757}.Debug|Any CPU.ActiveCfg = Debug|Any CPU
		{5F40F41D-0DFA-4F2D-BDE1-2185068A3757}.Debug|Any CPU.Build.0 = Debug|Any CPU
		{5F40F41D-0DFA-4F2D-BDE1-2185068A3757}.Release|Any CPU.ActiveCfg = Release|Any CPU
		{5F40F41D-0DFA-4F2D-BDE1-2185068A3757}.Release|Any CPU.Build.0 = Release|Any CPU
		{6DE41062-8B5D-4DF4-8700-489DA4609703}.Debug|Any CPU.ActiveCfg = Debug|Any CPU
		{6DE41062-8B5D-4DF4-8700-489DA4609703}.Debug|Any CPU.Build.0 = Debug|Any CPU
		{6DE41062-8B5D-4DF4-8700-489DA4609703}.Release|Any CPU.ActiveCfg = Release|Any CPU
		{6DE41062-8B5D-4DF4-8700-489DA4609703}.Release|Any CPU.Build.0 = Release|Any CPU
		{7ABF1BC1-7950-4B31-86E3-156F9A5DEEAD}.Debug|Any CPU.ActiveCfg = Debug|Any CPU
		{7ABF1BC1-7950-4B31-86E3-156F9A5DEEAD}.Debug|Any CPU.Build.0 = Debug|Any CPU
		{7ABF1BC1-7950-4B31-86E3-156F9A5DEEAD}.Release|Any CPU.ActiveCfg = Release|Any CPU
		{7ABF1BC1-7950-4B31-86E3-156F9A5DEEAD}.Release|Any CPU.Build.0 = Release|Any CPU
	EndGlobalSection
	GlobalSection(SolutionProperties) = preSolution
		HideSolutionNode = FALSE
	EndGlobalSection
	GlobalSection(ExtensibilityGlobals) = postSolution
		SolutionGuid = {67C2A25C-4572-410F-971C-BDA3FA7FC718}
	EndGlobalSection
EndGlobal
