
Microsoft Visual Studio Solution File, Format Version 12.00
# Visual Studio 15
VisualStudioVersion = 15.0.28307.1022
MinimumVisualStudioVersion = 10.0.40219.1
Project("{9A19103F-16F7-4668-BE54-9A1E7A4F7556}") = "Aliquota.Domain", "Aliquota.Domain\Aliquota.Domain.csproj", "{175B9444-5730-4E8B-8BC1-30EB3E97E871}"
EndProject
Project("{9A19103F-16F7-4668-BE54-9A1E7A4F7556}") = "Aliquota.Domain.Test", "Aliquota.Domain.Test\Aliquota.Domain.Test.csproj", "{ABCE758D-86F9-432A-8CD8-392E603697B4}"
EndProject
Global
	GlobalSection(SolutionConfigurationPlatforms) = preSolution
		Debug|Any CPU = Debug|Any CPU
		Release|Any CPU = Release|Any CPU
	EndGlobalSection
	GlobalSection(ProjectConfigurationPlatforms) = postSolution
		{175B9444-5730-4E8B-8BC1-30EB3E97E871}.Debug|Any CPU.ActiveCfg = Debug|Any CPU
		{175B9444-5730-4E8B-8BC1-30EB3E97E871}.Debug|Any CPU.Build.0 = Debug|Any CPU
		{175B9444-5730-4E8B-8BC1-30EB3E97E871}.Release|Any CPU.ActiveCfg = Release|Any CPU
		{175B9444-5730-4E8B-8BC1-30EB3E97E871}.Release|Any CPU.Build.0 = Release|Any CPU
		{ABCE758D-86F9-432A-8CD8-392E603697B4}.Debug|Any CPU.ActiveCfg = Debug|Any CPU
		{ABCE758D-86F9-432A-8CD8-392E603697B4}.Debug|Any CPU.Build.0 = Debug|Any CPU
		{ABCE758D-86F9-432A-8CD8-392E603697B4}.Release|Any CPU.ActiveCfg = Release|Any CPU
		{ABCE758D-86F9-432A-8CD8-392E603697B4}.Release|Any CPU.Build.0 = Release|Any CPU
	EndGlobalSection
	GlobalSection(SolutionProperties) = preSolution
		HideSolutionNode = FALSE
	EndGlobalSection
	GlobalSection(ExtensibilityGlobals) = postSolution
		SolutionGuid = {25C0BEF0-E185-4B17-B573-029B56C14379}
	EndGlobalSection
EndGlobal
