
Microsoft Visual Studio Solution File, Format Version 12.00
# Visual Studio Version 16
VisualStudioVersion = 16.0.30413.136
MinimumVisualStudioVersion = 10.0.40219.1
Project("{FAE04EC0-301F-11D3-BF4B-00C04F79EFBC}") = "Aliquota.Domain.Test", "Aliquota.Domain.Test.csproj", "{D583ACE8-2325-4CC8-AD0D-9B16E0137E42}"
EndProject
Global
	GlobalSection(SolutionConfigurationPlatforms) = preSolution
		Debug|Any CPU = Debug|Any CPU
		Release|Any CPU = Release|Any CPU
	EndGlobalSection
	GlobalSection(ProjectConfigurationPlatforms) = postSolution
		{D583ACE8-2325-4CC8-AD0D-9B16E0137E42}.Debug|Any CPU.ActiveCfg = Debug|Any CPU
		{D583ACE8-2325-4CC8-AD0D-9B16E0137E42}.Debug|Any CPU.Build.0 = Debug|Any CPU
		{D583ACE8-2325-4CC8-AD0D-9B16E0137E42}.Release|Any CPU.ActiveCfg = Release|Any CPU
		{D583ACE8-2325-4CC8-AD0D-9B16E0137E42}.Release|Any CPU.Build.0 = Release|Any CPU
	EndGlobalSection
	GlobalSection(SolutionProperties) = preSolution
		HideSolutionNode = FALSE
	EndGlobalSection
	GlobalSection(ExtensibilityGlobals) = postSolution
		SolutionGuid = {42D6165C-AC6B-467A-BEA6-32B243A59AF2}
	EndGlobalSection
EndGlobal
