
Microsoft Visual Studio Solution File, Format Version 12.00
# Visual Studio 15
Project("{FAE04EC0-301F-11D3-BF4B-00C04F79EFBC}") = "src", "backend\src.csproj", "{0C2A4848-9143-48C5-9955-36EBF6249DFE}"
EndProject
Global
	GlobalSection(SolutionConfigurationPlatforms) = preSolution
		Debug|Any CPU = Debug|Any CPU
		Release|Any CPU = Release|Any CPU
	EndGlobalSection
	GlobalSection(ProjectConfigurationPlatforms) = postSolution
		{0C2A4848-9143-48C5-9955-36EBF6249DFE}.Debug|Any CPU.ActiveCfg = Debug|Any CPU
		{0C2A4848-9143-48C5-9955-36EBF6249DFE}.Debug|Any CPU.Build.0 = Debug|Any CPU
		{0C2A4848-9143-48C5-9955-36EBF6249DFE}.Release|Any CPU.ActiveCfg = Release|Any CPU
		{0C2A4848-9143-48C5-9955-36EBF6249DFE}.Release|Any CPU.Build.0 = Release|Any CPU
	EndGlobalSection
EndGlobal
