
Microsoft Visual Studio Solution File, Format Version 12.00
# Visual Studio Version 16
VisualStudioVersion = 16.0.32228.343
MinimumVisualStudioVersion = 10.0.40219.1
Project("{2150E333-8FDC-42A3-9474-1A3956D46DE8}") = "src", "src", "{2AB26343-3C9C-46EF-9909-D3D75A5823A5}"
EndProject
Project("{2150E333-8FDC-42A3-9474-1A3956D46DE8}") = "test", "test", "{056DF1AD-E81D-4A90-B280-AD82D5546B98}"
EndProject
Project("{9A19103F-16F7-4668-BE54-9A1E7A4F7556}") = "Aliquota.Domain.Test", "Aliquota.Domain.Test\Aliquota.Domain.Test.csproj", "{92D704AA-C785-415B-BE68-D7350370F270}"
EndProject
Project("{9A19103F-16F7-4668-BE54-9A1E7A4F7556}") = "Aliquota.Domain", "Aliquota.Domain\Aliquota.Domain.csproj", "{8311F506-042C-4B7D-8FA0-0040B0006569}"
EndProject
Global
	GlobalSection(SolutionConfigurationPlatforms) = preSolution
		Debug|Any CPU = Debug|Any CPU
		Release|Any CPU = Release|Any CPU
	EndGlobalSection
	GlobalSection(ProjectConfigurationPlatforms) = postSolution
		{92D704AA-C785-415B-BE68-D7350370F270}.Debug|Any CPU.ActiveCfg = Debug|Any CPU
		{92D704AA-C785-415B-BE68-D7350370F270}.Debug|Any CPU.Build.0 = Debug|Any CPU
		{92D704AA-C785-415B-BE68-D7350370F270}.Release|Any CPU.ActiveCfg = Release|Any CPU
		{92D704AA-C785-415B-BE68-D7350370F270}.Release|Any CPU.Build.0 = Release|Any CPU
		{8311F506-042C-4B7D-8FA0-0040B0006569}.Debug|Any CPU.ActiveCfg = Debug|Any CPU
		{8311F506-042C-4B7D-8FA0-0040B0006569}.Debug|Any CPU.Build.0 = Debug|Any CPU
		{8311F506-042C-4B7D-8FA0-0040B0006569}.Release|Any CPU.ActiveCfg = Release|Any CPU
		{8311F506-042C-4B7D-8FA0-0040B0006569}.Release|Any CPU.Build.0 = Release|Any CPU
	EndGlobalSection
	GlobalSection(SolutionProperties) = preSolution
		HideSolutionNode = FALSE
	EndGlobalSection
	GlobalSection(NestedProjects) = preSolution
		{92D704AA-C785-415B-BE68-D7350370F270} = {056DF1AD-E81D-4A90-B280-AD82D5546B98}
		{8311F506-042C-4B7D-8FA0-0040B0006569} = {2AB26343-3C9C-46EF-9909-D3D75A5823A5}
	EndGlobalSection
	GlobalSection(ExtensibilityGlobals) = postSolution
		SolutionGuid = {87E7A0DC-96D3-4CB3-83B6-BF6629E9926E}
	EndGlobalSection
EndGlobal
