
Microsoft Visual Studio Solution File, Format Version 12.00
# Visual Studio Version 16
VisualStudioVersion = 16.0.30225.117
MinimumVisualStudioVersion = 10.0.40219.1
Project("{FAE04EC0-301F-11D3-BF4B-00C04F79EFBC}") = "Aliquota.Front", "Aliquota.Front\Aliquota.Front.csproj", "{53A60B4B-5401-4017-87B8-11BAFE29B64A}"
EndProject
Global
	GlobalSection(SolutionConfigurationPlatforms) = preSolution
		Debug|Any CPU = Debug|Any CPU
		Release|Any CPU = Release|Any CPU
	EndGlobalSection
	GlobalSection(ProjectConfigurationPlatforms) = postSolution
		{53A60B4B-5401-4017-87B8-11BAFE29B64A}.Debug|Any CPU.ActiveCfg = Debug|Any CPU
		{53A60B4B-5401-4017-87B8-11BAFE29B64A}.Debug|Any CPU.Build.0 = Debug|Any CPU
		{53A60B4B-5401-4017-87B8-11BAFE29B64A}.Release|Any CPU.ActiveCfg = Release|Any CPU
		{53A60B4B-5401-4017-87B8-11BAFE29B64A}.Release|Any CPU.Build.0 = Release|Any CPU
	EndGlobalSection
	GlobalSection(SolutionProperties) = preSolution
		HideSolutionNode = FALSE
	EndGlobalSection
	GlobalSection(ExtensibilityGlobals) = postSolution
		SolutionGuid = {B5141624-CBE3-4CED-A2AE-B9367E4AB878}
	EndGlobalSection
EndGlobal
