
Microsoft Visual Studio Solution File, Format Version 12.00
# Visual Studio Version 16
VisualStudioVersion = 16.0.30320.27
MinimumVisualStudioVersion = 10.0.40219.1
Project("{FAE04EC0-301F-11D3-BF4B-00C04F79EFBC}") = "Aliquota.Domain", "Aliquota.Domain\Aliquota.Domain.csproj", "{11C67C70-D6AA-43F9-9C4A-C42703E7672A}"
EndProject
Global
	GlobalSection(SolutionConfigurationPlatforms) = preSolution
		Debug|Any CPU = Debug|Any CPU
		Release|Any CPU = Release|Any CPU
	EndGlobalSection
	GlobalSection(ProjectConfigurationPlatforms) = postSolution
		{11C67C70-D6AA-43F9-9C4A-C42703E7672A}.Debug|Any CPU.ActiveCfg = Debug|Any CPU
		{11C67C70-D6AA-43F9-9C4A-C42703E7672A}.Debug|Any CPU.Build.0 = Debug|Any CPU
		{11C67C70-D6AA-43F9-9C4A-C42703E7672A}.Release|Any CPU.ActiveCfg = Release|Any CPU
		{11C67C70-D6AA-43F9-9C4A-C42703E7672A}.Release|Any CPU.Build.0 = Release|Any CPU
	EndGlobalSection
	GlobalSection(SolutionProperties) = preSolution
		HideSolutionNode = FALSE
	EndGlobalSection
	GlobalSection(ExtensibilityGlobals) = postSolution
		SolutionGuid = {8ABCC994-7337-45BB-84B5-31BF8647AED2}
	EndGlobalSection
EndGlobal
