
Microsoft Visual Studio Solution File, Format Version 12.00
# Visual Studio Version 16
VisualStudioVersion = 16.0.31702.278
MinimumVisualStudioVersion = 10.0.40219.1
Project("{FAE04EC0-301F-11D3-BF4B-00C04F79EFBC}") = "Aliquota.Domain", "Aliquota.Domain.csproj", "{74C43081-42DA-4C30-9695-CA3ACDC9EE87}"
EndProject
Project("{FAE04EC0-301F-11D3-BF4B-00C04F79EFBC}") = "Aliquota.Domain.Test", "..\Aliquota.Domain.Test\Aliquota.Domain.Test.csproj", "{347D5FEC-B67C-4F2B-B05F-0CAD87FEB96C}"
EndProject
Global
	GlobalSection(SolutionConfigurationPlatforms) = preSolution
		Debug|Any CPU = Debug|Any CPU
		Release|Any CPU = Release|Any CPU
	EndGlobalSection
	GlobalSection(ProjectConfigurationPlatforms) = postSolution
		{74C43081-42DA-4C30-9695-CA3ACDC9EE87}.Debug|Any CPU.ActiveCfg = Debug|Any CPU
		{74C43081-42DA-4C30-9695-CA3ACDC9EE87}.Debug|Any CPU.Build.0 = Debug|Any CPU
		{74C43081-42DA-4C30-9695-CA3ACDC9EE87}.Release|Any CPU.ActiveCfg = Release|Any CPU
		{74C43081-42DA-4C30-9695-CA3ACDC9EE87}.Release|Any CPU.Build.0 = Release|Any CPU
		{347D5FEC-B67C-4F2B-B05F-0CAD87FEB96C}.Debug|Any CPU.ActiveCfg = Debug|Any CPU
		{347D5FEC-B67C-4F2B-B05F-0CAD87FEB96C}.Debug|Any CPU.Build.0 = Debug|Any CPU
		{347D5FEC-B67C-4F2B-B05F-0CAD87FEB96C}.Release|Any CPU.ActiveCfg = Release|Any CPU
		{347D5FEC-B67C-4F2B-B05F-0CAD87FEB96C}.Release|Any CPU.Build.0 = Release|Any CPU
	EndGlobalSection
	GlobalSection(SolutionProperties) = preSolution
		HideSolutionNode = FALSE
	EndGlobalSection
	GlobalSection(ExtensibilityGlobals) = postSolution
		SolutionGuid = {310951A8-11DD-45B5-809E-AF91340AFB30}
	EndGlobalSection
EndGlobal
