
Microsoft Visual Studio Solution File, Format Version 12.00
# Visual Studio Version 16
VisualStudioVersion = 16.0.30406.217
MinimumVisualStudioVersion = 10.0.40219.1
Project("{9A19103F-16F7-4668-BE54-9A1E7A4F7556}") = "Aliquota.Domain", "Aliquota.Domain\Aliquota.Domain.csproj", "{C4DD5565-4CAC-4F00-AC2B-1D757DAEA80F}"
EndProject
Project("{9A19103F-16F7-4668-BE54-9A1E7A4F7556}") = "Aliquota.Domain.Test", "..\Aliquota.Domain.Test\Aliquota.Domain.Test.csproj", "{C119F4DC-EC54-4BBA-806B-E8620739E20D}"
EndProject
Project("{9A19103F-16F7-4668-BE54-9A1E7A4F7556}") = "Aliquota.Domain.AppConsole", "..\Aliquota.Domain.Console\Aliquota.Domain.AppConsole.csproj", "{ED0F8F77-C273-45C3-9943-666B8109905F}"
	ProjectSection(ProjectDependencies) = postProject
		{C4DD5565-4CAC-4F00-AC2B-1D757DAEA80F} = {C4DD5565-4CAC-4F00-AC2B-1D757DAEA80F}
	EndProjectSection
EndProject
Project("{9A19103F-16F7-4668-BE54-9A1E7A4F7556}") = "Aliquota.Domain.AppConSql", "..\Aliquota.Domain.AppConSql\Aliquota.Domain.AppConSql.csproj", "{582E348C-E96F-4F85-9B4B-A8A60F6DCB30}"
	ProjectSection(ProjectDependencies) = postProject
		{C4DD5565-4CAC-4F00-AC2B-1D757DAEA80F} = {C4DD5565-4CAC-4F00-AC2B-1D757DAEA80F}
	EndProjectSection
EndProject
Global
	GlobalSection(SolutionConfigurationPlatforms) = preSolution
		Debug|Any CPU = Debug|Any CPU
		Release|Any CPU = Release|Any CPU
	EndGlobalSection
	GlobalSection(ProjectConfigurationPlatforms) = postSolution
		{C4DD5565-4CAC-4F00-AC2B-1D757DAEA80F}.Debug|Any CPU.ActiveCfg = Debug|Any CPU
		{C4DD5565-4CAC-4F00-AC2B-1D757DAEA80F}.Debug|Any CPU.Build.0 = Debug|Any CPU
		{C4DD5565-4CAC-4F00-AC2B-1D757DAEA80F}.Release|Any CPU.ActiveCfg = Release|Any CPU
		{C4DD5565-4CAC-4F00-AC2B-1D757DAEA80F}.Release|Any CPU.Build.0 = Release|Any CPU
		{C119F4DC-EC54-4BBA-806B-E8620739E20D}.Debug|Any CPU.ActiveCfg = Debug|Any CPU
		{C119F4DC-EC54-4BBA-806B-E8620739E20D}.Debug|Any CPU.Build.0 = Debug|Any CPU
		{C119F4DC-EC54-4BBA-806B-E8620739E20D}.Release|Any CPU.ActiveCfg = Release|Any CPU
		{C119F4DC-EC54-4BBA-806B-E8620739E20D}.Release|Any CPU.Build.0 = Release|Any CPU
		{ED0F8F77-C273-45C3-9943-666B8109905F}.Debug|Any CPU.ActiveCfg = Debug|Any CPU
		{ED0F8F77-C273-45C3-9943-666B8109905F}.Debug|Any CPU.Build.0 = Debug|Any CPU
		{ED0F8F77-C273-45C3-9943-666B8109905F}.Release|Any CPU.ActiveCfg = Release|Any CPU
		{ED0F8F77-C273-45C3-9943-666B8109905F}.Release|Any CPU.Build.0 = Release|Any CPU
		{582E348C-E96F-4F85-9B4B-A8A60F6DCB30}.Debug|Any CPU.ActiveCfg = Debug|Any CPU
		{582E348C-E96F-4F85-9B4B-A8A60F6DCB30}.Debug|Any CPU.Build.0 = Debug|Any CPU
		{582E348C-E96F-4F85-9B4B-A8A60F6DCB30}.Release|Any CPU.ActiveCfg = Release|Any CPU
		{582E348C-E96F-4F85-9B4B-A8A60F6DCB30}.Release|Any CPU.Build.0 = Release|Any CPU
	EndGlobalSection
	GlobalSection(SolutionProperties) = preSolution
		HideSolutionNode = FALSE
	EndGlobalSection
	GlobalSection(ExtensibilityGlobals) = postSolution
		SolutionGuid = {E63AA1E4-A7D9-45CB-AFB9-FB675BC76927}
	EndGlobalSection
EndGlobal
